// !$*UTF8*$!
{
	archiveVersion = 1;
	classes = {
	};
	objectVersion = 56;
	objects = {

/* Begin PBXBuildFile section */
		0924BEDF299AA48D00BB2781 /* Sun.swift in Sources */ = {isa = PBXBuildFile; fileRef = 0924BEDE299AA48D00BB2781 /* Sun.swift */; };
		09966CB4299A7CD2009F769A /* ColorScheme.xcassets in Resources */ = {isa = PBXBuildFile; fileRef = 09966CB3299A7CD2009F769A /* ColorScheme.xcassets */; };
		09966CB6299A8D6D009F769A /* SunViewController.swift in Sources */ = {isa = PBXBuildFile; fileRef = 09966CB5299A8D6D009F769A /* SunViewController.swift */; };
		099F3AEA298B3EA100A77A05 /* AppDelegate.swift in Sources */ = {isa = PBXBuildFile; fileRef = 099F3AE9298B3EA100A77A05 /* AppDelegate.swift */; };
		099F3AEC298B3EA100A77A05 /* SceneDelegate.swift in Sources */ = {isa = PBXBuildFile; fileRef = 099F3AEB298B3EA100A77A05 /* SceneDelegate.swift */; };
		099F3AEE298B3EA100A77A05 /* ViewController.swift in Sources */ = {isa = PBXBuildFile; fileRef = 099F3AED298B3EA100A77A05 /* ViewController.swift */; };
		099F3AF1298B3EA100A77A05 /* Main.storyboard in Resources */ = {isa = PBXBuildFile; fileRef = 099F3AEF298B3EA100A77A05 /* Main.storyboard */; };
		099F3AF3298B3EA200A77A05 /* Assets.xcassets in Resources */ = {isa = PBXBuildFile; fileRef = 099F3AF2298B3EA200A77A05 /* Assets.xcassets */; };
		099F3AF6298B3EA200A77A05 /* LaunchScreen.storyboard in Resources */ = {isa = PBXBuildFile; fileRef = 099F3AF4298B3EA200A77A05 /* LaunchScreen.storyboard */; };
		09B086A22991BCFC00A5AA24 /* ColorScheme.xcassets in Resources */ = {isa = PBXBuildFile; fileRef = 09B086A12991BCFC00A5AA24 /* ColorScheme.xcassets */; };
/* End PBXBuildFile section */

/* Begin PBXFileReference section */
		0924BEDE299AA48D00BB2781 /* Sun.swift */ = {isa = PBXFileReference; lastKnownFileType = sourcecode.swift; path = Sun.swift; sourceTree = "<group>"; };
		09966CB3299A7CD2009F769A /* ColorScheme.xcassets */ = {isa = PBXFileReference; lastKnownFileType = folder.assetcatalog; path = ColorScheme.xcassets; sourceTree = "<group>"; };
		09966CB5299A8D6D009F769A /* SunViewController.swift */ = {isa = PBXFileReference; lastKnownFileType = sourcecode.swift; path = SunViewController.swift; sourceTree = "<group>"; };
		099F3AE6298B3EA100A77A05 /* SolarSystem.app */ = {isa = PBXFileReference; explicitFileType = wrapper.application; includeInIndex = 0; path = SolarSystem.app; sourceTree = BUILT_PRODUCTS_DIR; };
		099F3AE9298B3EA100A77A05 /* AppDelegate.swift */ = {isa = PBXFileReference; lastKnownFileType = sourcecode.swift; path = AppDelegate.swift; sourceTree = "<group>"; };
		099F3AEB298B3EA100A77A05 /* SceneDelegate.swift */ = {isa = PBXFileReference; lastKnownFileType = sourcecode.swift; path = SceneDelegate.swift; sourceTree = "<group>"; };
		099F3AED298B3EA100A77A05 /* ViewController.swift */ = {isa = PBXFileReference; lastKnownFileType = sourcecode.swift; path = ViewController.swift; sourceTree = "<group>"; };
		099F3AF0298B3EA100A77A05 /* Base */ = {isa = PBXFileReference; lastKnownFileType = file.storyboard; name = Base; path = Base.lproj/Main.storyboard; sourceTree = "<group>"; };
		099F3AF2298B3EA200A77A05 /* Assets.xcassets */ = {isa = PBXFileReference; lastKnownFileType = folder.assetcatalog; path = Assets.xcassets; sourceTree = "<group>"; };
		099F3AF5298B3EA200A77A05 /* Base */ = {isa = PBXFileReference; lastKnownFileType = file.storyboard; name = Base; path = Base.lproj/LaunchScreen.storyboard; sourceTree = "<group>"; };
		099F3AF7298B3EA200A77A05 /* Info.plist */ = {isa = PBXFileReference; lastKnownFileType = text.plist.xml; path = Info.plist; sourceTree = "<group>"; };
		09B086A12991BCFC00A5AA24 /* ColorScheme.xcassets */ = {isa = PBXFileReference; lastKnownFileType = folder.assetcatalog; path = ColorScheme.xcassets; sourceTree = "<group>"; };
/* End PBXFileReference section */

/* Begin PBXFrameworksBuildPhase section */
		099F3AE3298B3EA100A77A05 /* Frameworks */ = {
			isa = PBXFrameworksBuildPhase;
			buildActionMask = 2147483647;
			files = (
			);
			runOnlyForDeploymentPostprocessing = 0;
		};
/* End PBXFrameworksBuildPhase section */

/* Begin PBXGroup section */
		099F3ADD298B3EA100A77A05 = {
			isa = PBXGroup;
			children = (
				09966CB3299A7CD2009F769A /* ColorScheme.xcassets */,
				099F3AE8298B3EA100A77A05 /* SolarSystem */,
				099F3AE7298B3EA100A77A05 /* Products */,
			);
			sourceTree = "<group>";
		};
		099F3AE7298B3EA100A77A05 /* Products */ = {
			isa = PBXGroup;
			children = (
				099F3AE6298B3EA100A77A05 /* SolarSystem.app */,
			);
			name = Products;
			sourceTree = "<group>";
		};
		099F3AE8298B3EA100A77A05 /* SolarSystem */ = {
			isa = PBXGroup;
			children = (
				099F3AE9298B3EA100A77A05 /* AppDelegate.swift */,
				099F3AEB298B3EA100A77A05 /* SceneDelegate.swift */,
				099F3AED298B3EA100A77A05 /* ViewController.swift */,
				099F3AEF298B3EA100A77A05 /* Main.storyboard */,
				0924BEDE299AA48D00BB2781 /* Sun.swift */,
				09966CB5299A8D6D009F769A /* SunViewController.swift */,
				09B086A12991BCFC00A5AA24 /* ColorScheme.xcassets */,
				099F3AF2298B3EA200A77A05 /* Assets.xcassets */,
				099F3AF4298B3EA200A77A05 /* LaunchScreen.storyboard */,
				099F3AF7298B3EA200A77A05 /* Info.plist */,
			);
			path = SolarSystem;
			sourceTree = "<group>";
		};
/* End PBXGroup section */

/* Begin PBXNativeTarget section */
		099F3AE5298B3EA100A77A05 /* SolarSystem */ = {
			isa = PBXNativeTarget;
			buildConfigurationList = 099F3AFA298B3EA200A77A05 /* Build configuration list for PBXNativeTarget "SolarSystem" */;
			buildPhases = (
				099F3AE2298B3EA100A77A05 /* Sources */,
				099F3AE3298B3EA100A77A05 /* Frameworks */,
				099F3AE4298B3EA100A77A05 /* Resources */,
			);
			buildRules = (
			);
			dependencies = (
			);
			name = SolarSystem;
			productName = SolarSystem;
			productReference = 099F3AE6298B3EA100A77A05 /* SolarSystem.app */;
			productType = "com.apple.product-type.application";
		};
/* End PBXNativeTarget section */

/* Begin PBXProject section */
		099F3ADE298B3EA100A77A05 /* Project object */ = {
			isa = PBXProject;
			attributes = {
				BuildIndependentTargetsInParallel = 1;
				LastSwiftUpdateCheck = 1420;
				LastUpgradeCheck = 1420;
				TargetAttributes = {
					099F3AE5298B3EA100A77A05 = {
						CreatedOnToolsVersion = 14.2;
					};
				};
			};
			buildConfigurationList = 099F3AE1298B3EA100A77A05 /* Build configuration list for PBXProject "SolarSystem" */;
			compatibilityVersion = "Xcode 14.0";
			developmentRegion = en;
			hasScannedForEncodings = 0;
			knownRegions = (
				en,
				Base,
			);
			mainGroup = 099F3ADD298B3EA100A77A05;
			productRefGroup = 099F3AE7298B3EA100A77A05 /* Products */;
			projectDirPath = "";
			projectRoot = "";
			targets = (
				099F3AE5298B3EA100A77A05 /* SolarSystem */,
			);
		};
/* End PBXProject section */

/* Begin PBXResourcesBuildPhase section */
		099F3AE4298B3EA100A77A05 /* Resources */ = {
			isa = PBXResourcesBuildPhase;
			buildActionMask = 2147483647;
			files = (
				09B086A22991BCFC00A5AA24 /* ColorScheme.xcassets in Resources */,
				099F3AF6298B3EA200A77A05 /* LaunchScreen.storyboard in Resources */,
				09966CB4299A7CD2009F769A /* ColorScheme.xcassets in Resources */,
				099F3AF3298B3EA200A77A05 /* Assets.xcassets in Resources */,
				099F3AF1298B3EA100A77A05 /* Main.storyboard in Resources */,
			);
			runOnlyForDeploymentPostprocessing = 0;
		};
/* End PBXResourcesBuildPhase section */

/* Begin PBXSourcesBuildPhase section */
		099F3AE2298B3EA100A77A05 /* Sources */ = {
			isa = PBXSourcesBuildPhase;
			buildActionMask = 2147483647;
			files = (
				0924BEDF299AA48D00BB2781 /* Sun.swift in Sources */,
				099F3AEE298B3EA100A77A05 /* ViewController.swift in Sources */,
				099F3AEA298B3EA100A77A05 /* AppDelegate.swift in Sources */,
				099F3AEC298B3EA100A77A05 /* SceneDelegate.swift in Sources */,
				09966CB6299A8D6D009F769A /* SunViewController.swift in Sources */,
			);
			runOnlyForDeploymentPostprocessing = 0;
		};
/* End PBXSourcesBuildPhase section */

/* Begin PBXVariantGroup section */
		099F3AEF298B3EA100A77A05 /* Main.storyboard */ = {
			isa = PBXVariantGroup;
			children = (
				099F3AF0298B3EA100A77A05 /* Base */,
			);
			name = Main.storyboard;
			sourceTree = "<group>";
		};
		099F3AF4298B3EA200A77A05 /* LaunchScreen.storyboard */ = {
			isa = PBXVariantGroup;
			children = (
				099F3AF5298B3EA200A77A05 /* Base */,
			);
			name = LaunchScreen.storyboard;
			sourceTree = "<group>";
		};
/* End PBXVariantGroup section */

/* Begin XCBuildConfiguration section */
		099F3AF8298B3EA200A77A05 /* Debug */ = {
			isa = XCBuildConfiguration;
			buildSettings = {
				ALWAYS_SEARCH_USER_PATHS = NO;
				CLANG_ANALYZER_NONNULL = YES;
				CLANG_ANALYZER_NUMBER_OBJECT_CONVERSION = YES_AGGRESSIVE;
				CLANG_CXX_LANGUAGE_STANDARD = "gnu++20";
				CLANG_ENABLE_MODULES = YES;
				CLANG_ENABLE_OBJC_ARC = YES;
				CLANG_ENABLE_OBJC_WEAK = YES;
				CLANG_WARN_BLOCK_CAPTURE_AUTORELEASING = YES;
				CLANG_WARN_BOOL_CONVERSION = YES;
				CLANG_WARN_COMMA = YES;
				CLANG_WARN_CONSTANT_CONVERSION = YES;
				CLANG_WARN_DEPRECATED_OBJC_IMPLEMENTATIONS = YES;
				CLANG_WARN_DIRECT_OBJC_ISA_USAGE = YES_ERROR;
				CLANG_WARN_DOCUMENTATION_COMMENTS = YES;
				CLANG_WARN_EMPTY_BODY = YES;
				CLANG_WARN_ENUM_CONVERSION = YES;
				CLANG_WARN_INFINITE_RECURSION = YES;
				CLANG_WARN_INT_CONVERSION = YES;
				CLANG_WARN_NON_LITERAL_NULL_CONVERSION = YES;
				CLANG_WARN_OBJC_IMPLICIT_RETAIN_SELF = YES;
				CLANG_WARN_OBJC_LITERAL_CONVERSION = YES;
				CLANG_WARN_OBJC_ROOT_CLASS = YES_ERROR;
				CLANG_WARN_QUOTED_INCLUDE_IN_FRAMEWORK_HEADER = YES;
				CLANG_WARN_RANGE_LOOP_ANALYSIS = YES;
				CLANG_WARN_STRICT_PROTOTYPES = YES;
				CLANG_WARN_SUSPICIOUS_MOVE = YES;
				CLANG_WARN_UNGUARDED_AVAILABILITY = YES_AGGRESSIVE;
				CLANG_WARN_UNREACHABLE_CODE = YES;
				CLANG_WARN__DUPLICATE_METHOD_MATCH = YES;
				COPY_PHASE_STRIP = NO;
				DEBUG_INFORMATION_FORMAT = dwarf;
				ENABLE_STRICT_OBJC_MSGSEND = YES;
				ENABLE_TESTABILITY = YES;
				GCC_C_LANGUAGE_STANDARD = gnu11;
				GCC_DYNAMIC_NO_PIC = NO;
				GCC_NO_COMMON_BLOCKS = YES;
				GCC_OPTIMIZATION_LEVEL = 0;
				GCC_PREPROCESSOR_DEFINITIONS = (
					"DEBUG=1",
					"$(inherited)",
				);
				GCC_WARN_64_TO_32_BIT_CONVERSION = YES;
				GCC_WARN_ABOUT_RETURN_TYPE = YES_ERROR;
				GCC_WARN_UNDECLARED_SELECTOR = YES;
				GCC_WARN_UNINITIALIZED_AUTOS = YES_AGGRESSIVE;
				GCC_WARN_UNUSED_FUNCTION = YES;
				GCC_WARN_UNUSED_VARIABLE = YES;
				IPHONEOS_DEPLOYMENT_TARGET = 16.2;
				MTL_ENABLE_DEBUG_INFO = INCLUDE_SOURCE;
				MTL_FAST_MATH = YES;
				ONLY_ACTIVE_ARCH = YES;
				SDKROOT = iphoneos;
				SWIFT_ACTIVE_COMPILATION_CONDITIONS = DEBUG;
				SWIFT_OPTIMIZATION_LEVEL = "-Onone";
			};
			name = Debug;
		};
		099F3AF9298B3EA200A77A05 /* Release */ = {
			isa = XCBuildConfiguration;
			buildSettings = {
				ALWAYS_SEARCH_USER_PATHS = NO;
				CLANG_ANALYZER_NONNULL = YES;
				CLANG_ANALYZER_NUMBER_OBJECT_CONVERSION = YES_AGGRESSIVE;
				CLANG_CXX_LANGUAGE_STANDARD = "gnu++20";
				CLANG_ENABLE_MODULES = YES;
				CLANG_ENABLE_OBJC_ARC = YES;
				CLANG_ENABLE_OBJC_WEAK = YES;
				CLANG_WARN_BLOCK_CAPTURE_AUTORELEASING = YES;
				CLANG_WARN_BOOL_CONVERSION = YES;
				CLANG_WARN_COMMA = YES;
				CLANG_WARN_CONSTANT_CONVERSION = YES;
				CLANG_WARN_DEPRECATED_OBJC_IMPLEMENTATIONS = YES;
				CLANG_WARN_DIRECT_OBJC_ISA_USAGE = YES_ERROR;
				CLANG_WARN_DOCUMENTATION_COMMENTS = YES;
				CLANG_WARN_EMPTY_BODY = YES;
				CLANG_WARN_ENUM_CONVERSION = YES;
				CLANG_WARN_INFINITE_RECURSION = YES;
				CLANG_WARN_INT_CONVERSION = YES;
				CLANG_WARN_NON_LITERAL_NULL_CONVERSION = YES;
				CLANG_WARN_OBJC_IMPLICIT_RETAIN_SELF = YES;
				CLANG_WARN_OBJC_LITERAL_CONVERSION = YES;
				CLANG_WARN_OBJC_ROOT_CLASS = YES_ERROR;
				CLANG_WARN_QUOTED_INCLUDE_IN_FRAMEWORK_HEADER = YES;
				CLANG_WARN_RANGE_LOOP_ANALYSIS = YES;
				CLANG_WARN_STRICT_PROTOTYPES = YES;
				CLANG_WARN_SUSPICIOUS_MOVE = YES;
				CLANG_WARN_UNGUARDED_AVAILABILITY = YES_AGGRESSIVE;
				CLANG_WARN_UNREACHABLE_CODE = YES;
				CLANG_WARN__DUPLICATE_METHOD_MATCH = YES;
				COPY_PHASE_STRIP = NO;
				DEBUG_INFORMATION_FORMAT = "dwarf-with-dsym";
				ENABLE_NS_ASSERTIONS = NO;
				ENABLE_STRICT_OBJC_MSGSEND = YES;
				GCC_C_LANGUAGE_STANDARD = gnu11;
				GCC_NO_COMMON_BLOCKS = YES;
				GCC_WARN_64_TO_32_BIT_CONVERSION = YES;
				GCC_WARN_ABOUT_RETURN_TYPE = YES_ERROR;
				GCC_WARN_UNDECLARED_SELECTOR = YES;
				GCC_WARN_UNINITIALIZED_AUTOS = YES_AGGRESSIVE;
				GCC_WARN_UNUSED_FUNCTION = YES;
				GCC_WARN_UNUSED_VARIABLE = YES;
				IPHONEOS_DEPLOYMENT_TARGET = 16.2;
				MTL_ENABLE_DEBUG_INFO = NO;
				MTL_FAST_MATH = YES;
				SDKROOT = iphoneos;
				SWIFT_COMPILATION_MODE = wholemodule;
				SWIFT_OPTIMIZATION_LEVEL = "-O";
				VALIDATE_PRODUCT = YES;
			};
			name = Release;
		};
		099F3AFB298B3EA200A77A05 /* Debug */ = {
			isa = XCBuildConfiguration;
			buildSettings = {
				ASSETCATALOG_COMPILER_APPICON_NAME = AppIcon;
				ASSETCATALOG_COMPILER_GLOBAL_ACCENT_COLOR_NAME = AccentColor;
				CODE_SIGN_STYLE = Automatic;
				CURRENT_PROJECT_VERSION = 1;
				GENERATE_INFOPLIST_FILE = YES;
				INFOPLIST_FILE = SolarSystem/Info.plist;
				INFOPLIST_KEY_UIApplicationSupportsIndirectInputEvents = YES;
				INFOPLIST_KEY_UILaunchStoryboardName = LaunchScreen;
				INFOPLIST_KEY_UIMainStoryboardFile = Main;
				INFOPLIST_KEY_UISupportedInterfaceOrientations_iPad = "UIInterfaceOrientationPortrait UIInterfaceOrientationPortraitUpsideDown UIInterfaceOrientationLandscapeLeft UIInterfaceOrientationLandscapeRight";
				INFOPLIST_KEY_UISupportedInterfaceOrientations_iPhone = "UIInterfaceOrientationPortrait UIInterfaceOrientationLandscapeLeft UIInterfaceOrientationLandscapeRight";
				LD_RUNPATH_SEARCH_PATHS = (
					"$(inherited)",
					"@executable_path/Frameworks",
				);
				MARKETING_VERSION = 1.0;
				PRODUCT_BUNDLE_IDENTIFIER = com.Cassandra.SolarSystem;
				PRODUCT_NAME = "$(TARGET_NAME)";
				SWIFT_EMIT_LOC_STRINGS = YES;
				SWIFT_VERSION = 5.0;
				TARGETED_DEVICE_FAMILY = "1,2";
			};
			name = Debug;
		};
		099F3AFC298B3EA200A77A05 /* Release */ = {
			isa = XCBuildConfiguration;
			buildSettings = {
				ASSETCATALOG_COMPILER_APPICON_NAME = AppIcon;
				ASSETCATALOG_COMPILER_GLOBAL_ACCENT_COLOR_NAME = AccentColor;
				CODE_SIGN_STYLE = Automatic;
				CURRENT_PROJECT_VERSION = 1;
				GENERATE_INFOPLIST_FILE = YES;
				INFOPLIST_FILE = SolarSystem/Info.plist;
				INFOPLIST_KEY_UIApplicationSupportsIndirectInputEvents = YES;
				INFOPLIST_KEY_UILaunchStoryboardName = LaunchScreen;
				INFOPLIST_KEY_UIMainStoryboardFile = Main;
				INFOPLIST_KEY_UISupportedInterfaceOrientations_iPad = "UIInterfaceOrientationPortrait UIInterfaceOrientationPortraitUpsideDown UIInterfaceOrientationLandscapeLeft UIInterfaceOrientationLandscapeRight";
				INFOPLIST_KEY_UISupportedInterfaceOrientations_iPhone = "UIInterfaceOrientationPortrait UIInterfaceOrientationLandscapeLeft UIInterfaceOrientationLandscapeRight";
				LD_RUNPATH_SEARCH_PATHS = (
					"$(inherited)",
					"@executable_path/Frameworks",
				);
				MARKETING_VERSION = 1.0;
				PRODUCT_BUNDLE_IDENTIFIER = com.Cassandra.SolarSystem;
				PRODUCT_NAME = "$(TARGET_NAME)";
				SWIFT_EMIT_LOC_STRINGS = YES;
				SWIFT_VERSION = 5.0;
				TARGETED_DEVICE_FAMILY = "1,2";
			};
			name = Release;
		};
/* End XCBuildConfiguration section */

/* Begin XCConfigurationList section */
		099F3AE1298B3EA100A77A05 /* Build configuration list for PBXProject "SolarSystem" */ = {
			isa = XCConfigurationList;
			buildConfigurations = (
				099F3AF8298B3EA200A77A05 /* Debug */,
				099F3AF9298B3EA200A77A05 /* Release */,
			);
			defaultConfigurationIsVisible = 0;
			defaultConfigurationName = Release;
		};
		099F3AFA298B3EA200A77A05 /* Build configuration list for PBXNativeTarget "SolarSystem" */ = {
			isa = XCConfigurationList;
			buildConfigurations = (
				099F3AFB298B3EA200A77A05 /* Debug */,
				099F3AFC298B3EA200A77A05 /* Release */,
			);
			defaultConfigurationIsVisible = 0;
			defaultConfigurationName = Release;
		};
/* End XCConfigurationList section */
	};
	rootObject = 099F3ADE298B3EA100A77A05 /* Project object */;
}
